PODS:
  - Base64 (1.1.2)
  - boost-for-react-native (1.63.0)
  - BugsnagReactNative (2.23.7):
    - BugsnagReactNative/Core (= 2.23.7)
    - React
  - BugsnagReactNative/Core (2.23.7):
    - React
  - CocoaAsyncSocket (7.6.4)
  - CocoaLibEvent (1.0.0)
  - CodePush (6.2.0):
    - Base64 (~> 1.1)
    - JWT (~> 3.0.0-beta.7)
    - React
    - SSZipArchive (~> 2.1)
  - DoubleConversion (1.1.6)
  - FBLazyVector (0.63.0-rc.1)
  - FBReactNativeSpec (0.63.0-rc.1):
    - Folly (= 2020.01.13.00)
    - RCTRequired (= 0.63.0-rc.1)
    - RCTTypeSafety (= 0.63.0-rc.1)
    - React-Core (= 0.63.0-rc.1)
    - React-jsi (= 0.63.0-rc.1)
    - ReactCommon/turbomodule/core (= 0.63.0-rc.1)
  - Flipper (0.33.1):
    - Flipper-Folly (~> 2.1)
    - Flipper-RSocket (~> 1.0)
  - Flipper-DoubleConversion (1.1.7)
  - Flipper-Folly (2.2.0):
    - boost-for-react-native
    - CocoaLibEvent (~> 1.0)
    - Flipper-DoubleConversion
    - Flipper-Glog
    - OpenSSL-Universal (= 1.0.2.19)
  - Flipper-Glog (0.3.6)
  - Flipper-PeerTalk (0.0.4)
  - Flipper-RSocket (1.1.0):
    - Flipper-Folly (~> 2.2)
  - FlipperKit (0.33.1):
    - FlipperKit/Core (= 0.33.1)
  - FlipperKit/Core (0.33.1):
    - Flipper (~> 0.33.1)
    - FlipperKit/CppBridge
    - FlipperKit/FBCxxFollyDynamicConvert
    - FlipperKit/FBDefines
    - FlipperKit/FKPortForwarding
  - FlipperKit/CppBridge (0.33.1):
    - Flipper (~> 0.33.1)
  - FlipperKit/FBCxxFollyDynamicConvert (0.33.1):
    - Flipper-Folly (~> 2.1)
  - FlipperKit/FBDefines (0.33.1)
  - FlipperKit/FKPortForwarding (0.33.1):
    - CocoaAsyncSocket (~> 7.6)
    - Flipper-PeerTalk (~> 0.0.4)
  - FlipperKit/FlipperKitHighlightOverlay (0.33.1)
  - FlipperKit/FlipperKitLayoutPlugin (0.33.1):
    - FlipperKit/Core
    - FlipperKit/FlipperKitHighlightOverlay
    - FlipperKit/FlipperKitLayoutTextSearchable
    - YogaKit (~> 1.18)
  - FlipperKit/FlipperKitLayoutTextSearchable (0.33.1)
  - FlipperKit/FlipperKitNetworkPlugin (0.33.1):
    - FlipperKit/Core
  - FlipperKit/FlipperKitReactPlugin (0.33.1):
    - FlipperKit/Core
  - FlipperKit/FlipperKitUserDefaultsPlugin (0.33.1):
    - FlipperKit/Core
  - FlipperKit/SKIOSNetworkPlugin (0.33.1):
    - FlipperKit/Core
    - FlipperKit/FlipperKitNetworkPlugin
  - Folly (2020.01.13.00):
    - boost-for-react-native
    - DoubleConversion
    - Folly/Default (= 2020.01.13.00)
    - glog
  - Folly/Default (2020.01.13.00):
    - boost-for-react-native
    - DoubleConversion
    - glog
  - glog (0.3.5)
  - JWT (3.0.0-beta.12):
    - Base64 (~> 1.1.2)
  - OpenSSL-Universal (1.0.2.19):
    - OpenSSL-Universal/Static (= 1.0.2.19)
  - OpenSSL-Universal/Static (1.0.2.19)
  - RCTRequired (0.63.0-rc.1)
  - RCTTypeSafety (0.63.0-rc.1):
    - FBLazyVector (= 0.63.0-rc.1)
    - Folly (= 2020.01.13.00)
    - RCTRequired (= 0.63.0-rc.1)
    - React-Core (= 0.63.0-rc.1)
  - React (0.63.0-rc.1):
    - React-Core (= 0.63.0-rc.1)
    - React-Core/DevSupport (= 0.63.0-rc.1)
    - React-Core/RCTWebSocket (= 0.63.0-rc.1)
    - React-RCTActionSheet (= 0.63.0-rc.1)
    - React-RCTAnimation (= 0.63.0-rc.1)
    - React-RCTBlob (= 0.63.0-rc.1)
    - React-RCTImage (= 0.63.0-rc.1)
    - React-RCTLinking (= 0.63.0-rc.1)
    - React-RCTNetwork (= 0.63.0-rc.1)
    - React-RCTSettings (= 0.63.0-rc.1)
    - React-RCTText (= 0.63.0-rc.1)
    - React-RCTVibration (= 0.63.0-rc.1)
  - React-callinvoker (0.63.0-rc.1)
  - React-Core (0.63.0-rc.1):
    - Folly (= 2020.01.13.00)
    - glog
    - React-Core/Default (= 0.63.0-rc.1)
    - React-cxxreact (= 0.63.0-rc.1)
    - React-jsi (= 0.63.0-rc.1)
    - React-jsiexecutor (= 0.63.0-rc.1)
    - Yoga
  - React-Core/CoreModulesHeaders (0.63.0-rc.1):
    - Folly (= 2020.01.13.00)
    - glog
    - React-Core/Default
    - React-cxxreact (= 0.63.0-rc.1)
    - React-jsi (= 0.63.0-rc.1)
    - React-jsiexecutor (= 0.63.0-rc.1)
    - Yoga
  - React-Core/Default (0.63.0-rc.1):
    - Folly (= 2020.01.13.00)
    - glog
    - React-cxxreact (= 0.63.0-rc.1)
    - React-jsi (= 0.63.0-rc.1)
    - React-jsiexecutor (= 0.63.0-rc.1)
    - Yoga
  - React-Core/DevSupport (0.63.0-rc.1):
    - Folly (= 2020.01.13.00)
    - glog
    - React-Core/Default (= 0.63.0-rc.1)
    - React-Core/RCTWebSocket (= 0.63.0-rc.1)
    - React-cxxreact (= 0.63.0-rc.1)
    - React-jsi (= 0.63.0-rc.1)
    - React-jsiexecutor (= 0.63.0-rc.1)
    - React-jsinspector (= 0.63.0-rc.1)
    - Yoga
  - React-Core/RCTActionSheetHeaders (0.63.0-rc.1):
    - Folly (= 2020.01.13.00)
    - glog
    - React-Core/Default
    - React-cxxreact (= 0.63.0-rc.1)
    - React-jsi (= 0.63.0-rc.1)
    - React-jsiexecutor (= 0.63.0-rc.1)
    - Yoga
  - React-Core/RCTAnimationHeaders (0.63.0-rc.1):
    - Folly (= 2020.01.13.00)
    - glog
    - React-Core/Default
    - React-cxxreact (= 0.63.0-rc.1)
    - React-jsi (= 0.63.0-rc.1)
    - React-jsiexecutor (= 0.63.0-rc.1)
    - Yoga
  - React-Core/RCTBlobHeaders (0.63.0-rc.1):
    - Folly (= 2020.01.13.00)
    - glog
    - React-Core/Default
    - React-cxxreact (= 0.63.0-rc.1)
    - React-jsi (= 0.63.0-rc.1)
    - React-jsiexecutor (= 0.63.0-rc.1)
    - Yoga
  - React-Core/RCTImageHeaders (0.63.0-rc.1):
    - Folly (= 2020.01.13.00)
    - glog
    - React-Core/Default
    - React-cxxreact (= 0.63.0-rc.1)
    - React-jsi (= 0.63.0-rc.1)
    - React-jsiexecutor (= 0.63.0-rc.1)
    - Yoga
  - React-Core/RCTLinkingHeaders (0.63.0-rc.1):
    - Folly (= 2020.01.13.00)
    - glog
    - React-Core/Default
    - React-cxxreact (= 0.63.0-rc.1)
    - React-jsi (= 0.63.0-rc.1)
    - React-jsiexecutor (= 0.63.0-rc.1)
    - Yoga
  - React-Core/RCTNetworkHeaders (0.63.0-rc.1):
    - Folly (= 2020.01.13.00)
    - glog
    - React-Core/Default
    - React-cxxreact (= 0.63.0-rc.1)
    - React-jsi (= 0.63.0-rc.1)
    - React-jsiexecutor (= 0.63.0-rc.1)
    - Yoga
  - React-Core/RCTSettingsHeaders (0.63.0-rc.1):
    - Folly (= 2020.01.13.00)
    - glog
    - React-Core/Default
    - React-cxxreact (= 0.63.0-rc.1)
    - React-jsi (= 0.63.0-rc.1)
    - React-jsiexecutor (= 0.63.0-rc.1)
    - Yoga
  - React-Core/RCTTextHeaders (0.63.0-rc.1):
    - Folly (= 2020.01.13.00)
    - glog
    - React-Core/Default
    - React-cxxreact (= 0.63.0-rc.1)
    - React-jsi (= 0.63.0-rc.1)
    - React-jsiexecutor (= 0.63.0-rc.1)
    - Yoga
  - React-Core/RCTVibrationHeaders (0.63.0-rc.1):
    - Folly (= 2020.01.13.00)
    - glog
    - React-Core/Default
    - React-cxxreact (= 0.63.0-rc.1)
    - React-jsi (= 0.63.0-rc.1)
    - React-jsiexecutor (= 0.63.0-rc.1)
    - Yoga
  - React-Core/RCTWebSocket (0.63.0-rc.1):
    - Folly (= 2020.01.13.00)
    - glog
    - React-Core/Default (= 0.63.0-rc.1)
    - React-cxxreact (= 0.63.0-rc.1)
    - React-jsi (= 0.63.0-rc.1)
    - React-jsiexecutor (= 0.63.0-rc.1)
    - Yoga
  - React-CoreModules (0.63.0-rc.1):
    - FBReactNativeSpec (= 0.63.0-rc.1)
    - Folly (= 2020.01.13.00)
    - RCTTypeSafety (= 0.63.0-rc.1)
    - React-Core/CoreModulesHeaders (= 0.63.0-rc.1)
    - React-jsi (= 0.63.0-rc.1)
    - React-RCTImage (= 0.63.0-rc.1)
    - ReactCommon/turbomodule/core (= 0.63.0-rc.1)
  - React-cxxreact (0.63.0-rc.1):
    - boost-for-react-native (= 1.63.0)
    - DoubleConversion
    - Folly (= 2020.01.13.00)
    - glog
    - React-callinvoker (= 0.63.0-rc.1)
    - React-jsinspector (= 0.63.0-rc.1)
  - React-jsi (0.63.0-rc.1):
    - boost-for-react-native (= 1.63.0)
    - DoubleConversion
    - Folly (= 2020.01.13.00)
    - glog
    - React-jsi/Default (= 0.63.0-rc.1)
  - React-jsi/Default (0.63.0-rc.1):
    - boost-for-react-native (= 1.63.0)
    - DoubleConversion
    - Folly (= 2020.01.13.00)
    - glog
  - React-jsiexecutor (0.63.0-rc.1):
    - DoubleConversion
    - Folly (= 2020.01.13.00)
    - glog
    - React-cxxreact (= 0.63.0-rc.1)
    - React-jsi (= 0.63.0-rc.1)
  - React-jsinspector (0.63.0-rc.1)
  - react-native-config (1.0.0):
    - React
  - react-native-flipper (0.39.0):
    - React
  - react-native-netinfo (5.8.1):
    - React
  - react-native-safe-area-context (1.0.0):
    - React
  - React-RCTActionSheet (0.63.0-rc.1):
    - React-Core/RCTActionSheetHeaders (= 0.63.0-rc.1)
  - React-RCTAnimation (0.63.0-rc.1):
    - FBReactNativeSpec (= 0.63.0-rc.1)
    - Folly (= 2020.01.13.00)
    - RCTTypeSafety (= 0.63.0-rc.1)
    - React-Core/RCTAnimationHeaders (= 0.63.0-rc.1)
    - React-jsi (= 0.63.0-rc.1)
    - ReactCommon/turbomodule/core (= 0.63.0-rc.1)
  - React-RCTBlob (0.63.0-rc.1):
    - FBReactNativeSpec (= 0.63.0-rc.1)
    - Folly (= 2020.01.13.00)
    - React-Core/RCTBlobHeaders (= 0.63.0-rc.1)
    - React-Core/RCTWebSocket (= 0.63.0-rc.1)
    - React-jsi (= 0.63.0-rc.1)
    - React-RCTNetwork (= 0.63.0-rc.1)
    - ReactCommon/turbomodule/core (= 0.63.0-rc.1)
  - React-RCTImage (0.63.0-rc.1):
    - FBReactNativeSpec (= 0.63.0-rc.1)
    - Folly (= 2020.01.13.00)
    - RCTTypeSafety (= 0.63.0-rc.1)
    - React-Core/RCTImageHeaders (= 0.63.0-rc.1)
    - React-jsi (= 0.63.0-rc.1)
    - React-RCTNetwork (= 0.63.0-rc.1)
    - ReactCommon/turbomodule/core (= 0.63.0-rc.1)
  - React-RCTLinking (0.63.0-rc.1):
    - FBReactNativeSpec (= 0.63.0-rc.1)
    - React-Core/RCTLinkingHeaders (= 0.63.0-rc.1)
    - React-jsi (= 0.63.0-rc.1)
    - ReactCommon/turbomodule/core (= 0.63.0-rc.1)
  - React-RCTNetwork (0.63.0-rc.1):
    - FBReactNativeSpec (= 0.63.0-rc.1)
    - Folly (= 2020.01.13.00)
    - RCTTypeSafety (= 0.63.0-rc.1)
    - React-Core/RCTNetworkHeaders (= 0.63.0-rc.1)
    - React-jsi (= 0.63.0-rc.1)
    - ReactCommon/turbomodule/core (= 0.63.0-rc.1)
  - React-RCTSettings (0.63.0-rc.1):
    - FBReactNativeSpec (= 0.63.0-rc.1)
    - Folly (= 2020.01.13.00)
    - RCTTypeSafety (= 0.63.0-rc.1)
    - React-Core/RCTSettingsHeaders (= 0.63.0-rc.1)
    - React-jsi (= 0.63.0-rc.1)
    - ReactCommon/turbomodule/core (= 0.63.0-rc.1)
  - React-RCTText (0.63.0-rc.1):
    - React-Core/RCTTextHeaders (= 0.63.0-rc.1)
  - React-RCTVibration (0.63.0-rc.1):
    - FBReactNativeSpec (= 0.63.0-rc.1)
    - Folly (= 2020.01.13.00)
    - React-Core/RCTVibrationHeaders (= 0.63.0-rc.1)
    - React-jsi (= 0.63.0-rc.1)
    - ReactCommon/turbomodule/core (= 0.63.0-rc.1)
  - ReactCommon/turbomodule/core (0.63.0-rc.1):
    - DoubleConversion
    - Folly (= 2020.01.13.00)
    - glog
    - React-callinvoker (= 0.63.0-rc.1)
    - React-Core (= 0.63.0-rc.1)
    - React-cxxreact (= 0.63.0-rc.1)
    - React-jsi (= 0.63.0-rc.1)
  - RNBootSplash (2.2.4):
    - React
  - RNCAsyncStorage (1.10.1):
    - React
  - RNCMaskedView (0.1.10):
    - React
  - RNDeviceInfo (5.5.7):
    - React
  - RNGestureHandler (1.6.1):
    - React
  - RNReanimated (1.8.0):
    - React
  - RNScreens (2.7.0):
    - React
  - RNSVG (12.1.0):
    - React
  - RNVectorIcons (6.6.0):
    - React
  - SSZipArchive (2.2.2)
  - Yoga (1.14.0)
  - YogaKit (1.18.1):
    - Yoga (~> 1.14)

DEPENDENCIES:
  - BugsnagReactNative (from `../node_modules/bugsnag-react-native`)
  - CodePush (from `../node_modules/react-native-code-push`)
  - DoubleConversion (from `/Users/oliverwinter/Documents/work/LightbaseTemplate/template/node_modules/react-native/third-party-podspecs/DoubleConversion.podspec`)
  - FBLazyVector (from `/Users/oliverwinter/Documents/work/LightbaseTemplate/template/node_modules/react-native/Libraries/FBLazyVector`)
  - FBReactNativeSpec (from `/Users/oliverwinter/Documents/work/LightbaseTemplate/template/node_modules/react-native/Libraries/FBReactNativeSpec`)
  - Flipper (~> 0.33.1)
  - Flipper-DoubleConversion (= 1.1.7)
  - Flipper-Folly (~> 2.1)
  - Flipper-Glog (= 0.3.6)
  - Flipper-PeerTalk (~> 0.0.4)
  - Flipper-RSocket (~> 1.0)
  - FlipperKit (~> 0.33.1)
  - FlipperKit/Core (~> 0.33.1)
  - FlipperKit/CppBridge (~> 0.33.1)
  - FlipperKit/FBCxxFollyDynamicConvert (~> 0.33.1)
  - FlipperKit/FBDefines (~> 0.33.1)
  - FlipperKit/FKPortForwarding (~> 0.33.1)
  - FlipperKit/FlipperKitHighlightOverlay (~> 0.33.1)
  - FlipperKit/FlipperKitLayoutPlugin (~> 0.33.1)
  - FlipperKit/FlipperKitLayoutTextSearchable (~> 0.33.1)
  - FlipperKit/FlipperKitNetworkPlugin (~> 0.33.1)
  - FlipperKit/FlipperKitReactPlugin (~> 0.33.1)
  - FlipperKit/FlipperKitUserDefaultsPlugin (~> 0.33.1)
  - FlipperKit/SKIOSNetworkPlugin (~> 0.33.1)
  - Folly (from `/Users/oliverwinter/Documents/work/LightbaseTemplate/template/node_modules/react-native/third-party-podspecs/Folly.podspec`)
  - glog (from `/Users/oliverwinter/Documents/work/LightbaseTemplate/template/node_modules/react-native/third-party-podspecs/glog.podspec`)
  - RCTRequired (from `/Users/oliverwinter/Documents/work/LightbaseTemplate/template/node_modules/react-native/Libraries/RCTRequired`)
  - RCTTypeSafety (from `/Users/oliverwinter/Documents/work/LightbaseTemplate/template/node_modules/react-native/Libraries/TypeSafety`)
  - React (from `/Users/oliverwinter/Documents/work/LightbaseTemplate/template/node_modules/react-native/`)
  - React-callinvoker (from `/Users/oliverwinter/Documents/work/LightbaseTemplate/template/node_modules/react-native/ReactCommon/callinvoker`)
  - React-Core (from `/Users/oliverwinter/Documents/work/LightbaseTemplate/template/node_modules/react-native/`)
  - React-Core/DevSupport (from `/Users/oliverwinter/Documents/work/LightbaseTemplate/template/node_modules/react-native/`)
  - React-Core/RCTWebSocket (from `/Users/oliverwinter/Documents/work/LightbaseTemplate/template/node_modules/react-native/`)
  - React-CoreModules (from `/Users/oliverwinter/Documents/work/LightbaseTemplate/template/node_modules/react-native/React/CoreModules`)
  - React-cxxreact (from `/Users/oliverwinter/Documents/work/LightbaseTemplate/template/node_modules/react-native/ReactCommon/cxxreact`)
  - React-jsi (from `/Users/oliverwinter/Documents/work/LightbaseTemplate/template/node_modules/react-native/ReactCommon/jsi`)
  - React-jsiexecutor (from `/Users/oliverwinter/Documents/work/LightbaseTemplate/template/node_modules/react-native/ReactCommon/jsiexecutor`)
  - React-jsinspector (from `/Users/oliverwinter/Documents/work/LightbaseTemplate/template/node_modules/react-native/ReactCommon/jsinspector`)
  - react-native-config (from `../node_modules/react-native-config`)
  - react-native-flipper (from `../node_modules/react-native-flipper/react-native-flipper.podspec`)
  - "react-native-netinfo (from `../node_modules/@react-native-community/netinfo`)"
  - react-native-safe-area-context (from `../node_modules/react-native-safe-area-context`)
  - React-RCTActionSheet (from `/Users/oliverwinter/Documents/work/LightbaseTemplate/template/node_modules/react-native/Libraries/ActionSheetIOS`)
  - React-RCTAnimation (from `/Users/oliverwinter/Documents/work/LightbaseTemplate/template/node_modules/react-native/Libraries/NativeAnimation`)
  - React-RCTBlob (from `/Users/oliverwinter/Documents/work/LightbaseTemplate/template/node_modules/react-native/Libraries/Blob`)
  - React-RCTImage (from `/Users/oliverwinter/Documents/work/LightbaseTemplate/template/node_modules/react-native/Libraries/Image`)
  - React-RCTLinking (from `/Users/oliverwinter/Documents/work/LightbaseTemplate/template/node_modules/react-native/Libraries/LinkingIOS`)
  - React-RCTNetwork (from `/Users/oliverwinter/Documents/work/LightbaseTemplate/template/node_modules/react-native/Libraries/Network`)
  - React-RCTSettings (from `/Users/oliverwinter/Documents/work/LightbaseTemplate/template/node_modules/react-native/Libraries/Settings`)
  - React-RCTText (from `/Users/oliverwinter/Documents/work/LightbaseTemplate/template/node_modules/react-native/Libraries/Text`)
  - React-RCTVibration (from `/Users/oliverwinter/Documents/work/LightbaseTemplate/template/node_modules/react-native/Libraries/Vibration`)
  - ReactCommon/turbomodule/core (from `/Users/oliverwinter/Documents/work/LightbaseTemplate/template/node_modules/react-native/ReactCommon`)
  - RNBootSplash (from `../node_modules/react-native-bootsplash`)
  - "RNCAsyncStorage (from `../node_modules/@react-native-community/async-storage`)"
  - "RNCMaskedView (from `../node_modules/@react-native-community/masked-view`)"
  - RNDeviceInfo (from `../node_modules/react-native-device-info`)
  - RNGestureHandler (from `../node_modules/react-native-gesture-handler`)
  - RNReanimated (from `../node_modules/react-native-reanimated`)
  - RNScreens (from `../node_modules/react-native-screens`)
  - RNSVG (from `../node_modules/react-native-svg`)
  - RNVectorIcons (from `../node_modules/react-native-vector-icons`)
  - Yoga (from `/Users/oliverwinter/Documents/work/LightbaseTemplate/template/node_modules/react-native/ReactCommon/yoga`)

SPEC REPOS:
  trunk:
    - Base64
    - boost-for-react-native
    - CocoaAsyncSocket
    - CocoaLibEvent
    - Flipper
    - Flipper-DoubleConversion
    - Flipper-Folly
    - Flipper-Glog
    - Flipper-PeerTalk
    - Flipper-RSocket
    - FlipperKit
    - JWT
    - OpenSSL-Universal
    - SSZipArchive
    - YogaKit

EXTERNAL SOURCES:
  BugsnagReactNative:
    :path: "../node_modules/bugsnag-react-native"
  CodePush:
    :path: "../node_modules/react-native-code-push"
  DoubleConversion:
    :podspec: "/Users/oliverwinter/Documents/work/LightbaseTemplate/template/node_modules/react-native/third-party-podspecs/DoubleConversion.podspec"
  FBLazyVector:
    :path: "/Users/oliverwinter/Documents/work/LightbaseTemplate/template/node_modules/react-native/Libraries/FBLazyVector"
  FBReactNativeSpec:
    :path: "/Users/oliverwinter/Documents/work/LightbaseTemplate/template/node_modules/react-native/Libraries/FBReactNativeSpec"
  Folly:
    :podspec: "/Users/oliverwinter/Documents/work/LightbaseTemplate/template/node_modules/react-native/third-party-podspecs/Folly.podspec"
  glog:
    :podspec: "/Users/oliverwinter/Documents/work/LightbaseTemplate/template/node_modules/react-native/third-party-podspecs/glog.podspec"
  RCTRequired:
    :path: "/Users/oliverwinter/Documents/work/LightbaseTemplate/template/node_modules/react-native/Libraries/RCTRequired"
  RCTTypeSafety:
    :path: "/Users/oliverwinter/Documents/work/LightbaseTemplate/template/node_modules/react-native/Libraries/TypeSafety"
  React:
    :path: "/Users/oliverwinter/Documents/work/LightbaseTemplate/template/node_modules/react-native/"
  React-callinvoker:
    :path: "/Users/oliverwinter/Documents/work/LightbaseTemplate/template/node_modules/react-native/ReactCommon/callinvoker"
  React-Core:
    :path: "/Users/oliverwinter/Documents/work/LightbaseTemplate/template/node_modules/react-native/"
  React-CoreModules:
    :path: "/Users/oliverwinter/Documents/work/LightbaseTemplate/template/node_modules/react-native/React/CoreModules"
  React-cxxreact:
    :path: "/Users/oliverwinter/Documents/work/LightbaseTemplate/template/node_modules/react-native/ReactCommon/cxxreact"
  React-jsi:
    :path: "/Users/oliverwinter/Documents/work/LightbaseTemplate/template/node_modules/react-native/ReactCommon/jsi"
  React-jsiexecutor:
    :path: "/Users/oliverwinter/Documents/work/LightbaseTemplate/template/node_modules/react-native/ReactCommon/jsiexecutor"
  React-jsinspector:
    :path: "/Users/oliverwinter/Documents/work/LightbaseTemplate/template/node_modules/react-native/ReactCommon/jsinspector"
  react-native-config:
    :path: "../node_modules/react-native-config"
  react-native-flipper:
    :path: "../node_modules/react-native-flipper/react-native-flipper.podspec"
  react-native-netinfo:
    :path: "../node_modules/@react-native-community/netinfo"
  react-native-safe-area-context:
    :path: "../node_modules/react-native-safe-area-context"
  React-RCTActionSheet:
    :path: "/Users/oliverwinter/Documents/work/LightbaseTemplate/template/node_modules/react-native/Libraries/ActionSheetIOS"
  React-RCTAnimation:
    :path: "/Users/oliverwinter/Documents/work/LightbaseTemplate/template/node_modules/react-native/Libraries/NativeAnimation"
  React-RCTBlob:
    :path: "/Users/oliverwinter/Documents/work/LightbaseTemplate/template/node_modules/react-native/Libraries/Blob"
  React-RCTImage:
    :path: "/Users/oliverwinter/Documents/work/LightbaseTemplate/template/node_modules/react-native/Libraries/Image"
  React-RCTLinking:
    :path: "/Users/oliverwinter/Documents/work/LightbaseTemplate/template/node_modules/react-native/Libraries/LinkingIOS"
  React-RCTNetwork:
    :path: "/Users/oliverwinter/Documents/work/LightbaseTemplate/template/node_modules/react-native/Libraries/Network"
  React-RCTSettings:
    :path: "/Users/oliverwinter/Documents/work/LightbaseTemplate/template/node_modules/react-native/Libraries/Settings"
  React-RCTText:
    :path: "/Users/oliverwinter/Documents/work/LightbaseTemplate/template/node_modules/react-native/Libraries/Text"
  React-RCTVibration:
    :path: "/Users/oliverwinter/Documents/work/LightbaseTemplate/template/node_modules/react-native/Libraries/Vibration"
  ReactCommon:
    :path: "/Users/oliverwinter/Documents/work/LightbaseTemplate/template/node_modules/react-native/ReactCommon"
  RNBootSplash:
    :path: "../node_modules/react-native-bootsplash"
  RNCAsyncStorage:
    :path: "../node_modules/@react-native-community/async-storage"
  RNCMaskedView:
    :path: "../node_modules/@react-native-community/masked-view"
  RNDeviceInfo:
    :path: "../node_modules/react-native-device-info"
  RNGestureHandler:
    :path: "../node_modules/react-native-gesture-handler"
  RNReanimated:
    :path: "../node_modules/react-native-reanimated"
  RNScreens:
    :path: "../node_modules/react-native-screens"
  RNSVG:
    :path: "../node_modules/react-native-svg"
  RNVectorIcons:
    :path: "../node_modules/react-native-vector-icons"
  Yoga:
    :path: "/Users/oliverwinter/Documents/work/LightbaseTemplate/template/node_modules/react-native/ReactCommon/yoga"

SPEC CHECKSUMS:
  Base64: cecfb41a004124895a7bcee567a89bae5a89d49b
  boost-for-react-native: 39c7adb57c4e60d6c5479dd8623128eb5b3f0f2c
  BugsnagReactNative: 14c1b59cfbf34fd5591b734bfec65a277b677ef8
  CocoaAsyncSocket: 694058e7c0ed05a9e217d1b3c7ded962f4180845
  CocoaLibEvent: 2fab71b8bd46dd33ddb959f7928ec5909f838e3f
  CodePush: 3285d39e9865e0a37a415417402bf568ce49268a
  DoubleConversion: cde416483dac037923206447da6e1454df403714
  FBLazyVector: 80d80617d51e24046a0bcc817cd9209027ecfaa9
  FBReactNativeSpec: b0fff079b3d224bd19ddd66857a9ebd879248c22
  Flipper: 6c1f484f9a88d30ab3e272800d53688439e50f69
  Flipper-DoubleConversion: 38631e41ef4f9b12861c67d17cb5518d06badc41
  Flipper-Folly: c12092ea368353b58e992843a990a3225d4533c3
  Flipper-Glog: 1dfd6abf1e922806c52ceb8701a3599a79a200a6
  Flipper-PeerTalk: 116d8f857dc6ef55c7a5a75ea3ceaafe878aadc9
  Flipper-RSocket: 64e7431a55835eb953b0bf984ef3b90ae9fdddd7
  FlipperKit: 6dc9b8f4ef60d9e5ded7f0264db299c91f18832e
  Folly: b73c3869541e86821df3c387eb0af5f65addfab4
  glog: 40a13f7840415b9a77023fbcae0f1e6f43192af3
  JWT: 9b5c05abbcc1a0e69c3c91e1655b3387fc7e581d
  OpenSSL-Universal: 8b48cc0d10c1b2923617dfe5c178aa9ed2689355
  RCTRequired: 6d452db9ed41ed479dded8b25cefaea171af100a
  RCTTypeSafety: 9f116cdf6450aae848567f03de76a519ce8b5ffa
  React: ae32f1a326e384e477a4130efaf35785cf66c482
  React-callinvoker: b1222d51ffbc55017208d26e168d76035ade9d53
  React-Core: b328df15e9952f937d4497d08821f908ddf63510
  React-CoreModules: ddbd7c6b62241597e467cedfa4acd89f1504f613
  React-cxxreact: 2e594ee40fb8666e2e48428a1767257a60873877
  React-jsi: a968acc454a107677da6027d2111221f57765de9
  React-jsiexecutor: c40a9c0e687bd7a44cc0a616ff4592a823732a0d
  React-jsinspector: 655f32d922ffb180714c0bec652e7e0923b5a5dd
  react-native-config: 7db9b96479164dfd7b2be68eb9079e08279511c4
  react-native-flipper: 5dc086b3fe71a6ebb8b4e42e4b9191cf07fe50ac
  react-native-netinfo: 73d0d151215683d128908796063e344030ef20fa
  react-native-safe-area-context: a346c75f2288147527365ce27b59ca6d38c27805
  React-RCTActionSheet: ead415a8470cd3552f8cadce3b9b32e0d52e46a7
  React-RCTAnimation: 627dc8ad905b206c9bf10e9527079ef754b6a5dc
  React-RCTBlob: e70ce946cee9d400c5bfb0e8668dd11db852fa5a
  React-RCTImage: 9b8566568c0191e460baf4bee5a48a26efc2649c
  React-RCTLinking: 9a72da67543456af38b7fe01d851c247edb91e59
  React-RCTNetwork: 9939c3f1c757b03abd3bfda89a41b0989254e2a8
  React-RCTSettings: bb29c478fd69f557f939cf9e3a9f6f431df432bb
  React-RCTText: 1aa0fd4251b108777dd6218eb92d3613514b150f
  React-RCTVibration: b630e8fd023809796d47917d27caa343ade0678d
  ReactCommon: 6d0c6086911f7bf87b8406a92bb2ec66aeefd2e1
  RNBootSplash: 7cb9b4fe7e94177edc0d11010f7631d79db2f5e9
  RNCAsyncStorage: 39831e0dc5f547a1fb2669eb9e091d460a9be2be
  RNCMaskedView: 5a8ec07677aa885546a0d98da336457e2bea557f
  RNDeviceInfo: e2102056bde3ad5d137fd029d8d431510a00486a
  RNGestureHandler: 8f09cd560f8d533eb36da5a6c5a843af9f056b38
  RNReanimated: 955cf4068714003d2f1a6e2bae3fb1118f359aff
  RNScreens: cf198f915f8a2bf163de94ca9f5bfc8d326c3706
  RNSVG: ce9d996113475209013317e48b05c21ee988d42e
  RNVectorIcons: 0bb4def82230be1333ddaeee9fcba45f0b288ed4
  SSZipArchive: fa16b8cc4cdeceb698e5e5d9f67e9558532fbf23
  Yoga: 5d62aa8f4e862e282e19a25865ef8124c70f2711
  YogaKit: f782866e155069a2cca2517aafea43200b01fd5a

PODFILE CHECKSUM: 1a6bdddb5c11e13f97b91187f327a87c7183946c

COCOAPODS: 1.9.1
